{
  "name": "@diao-cli/exec",
  "version": "1.0.1",
  "lockfileVersion": 1,
  "requires": true,
  "dependencies": {
    "@diao-cli/log": {
      "version": "file:../../utils/log",
      "requires": {
        "npmlog": "^4.1.2"
      }
    },
    "@diao-cli/package": {
      "version": "file:../../models/package",
      "requires": {
        "@diao-cli/format-path": "file:../../utils/format-path",
        "@diao-cli/get-npm-info": "file:../../utils/get-npm-info",
        "@diao-cli/utils": "file:../../utils/utils",
        "fs-extra": "^9.1.0",
        "npminstall": "^4.11.0",
        "path-exists": "^4.0.0",
        "pkg-dir": "^5.0.0"
      }
    },
    "@diao-cli/utils": {
      "version": "file:../../utils/utils",
      "requires": {
        "cli-spinner": "^0.2.10"
      }
    }
  }
}
