{
  "name": "@diao-cli/exec",
  "version": "0.0.4",
  "lockfileVersion": 1,
  "requires": true,
  "dependencies": {
    "@diao-cli/log": {
      "version": "file:../../utils/log",
      "requires": {
        "npmlog": "^4.1.2"
      }
    },
    "@diao-cli/package": {
      "version": "file:../../models/package"
    }
  }
}
